
Microsoft Visual Studio Solution File, Format Version 12.00
# Visual Studio Version 17
VisualStudioVersion = 17.13.35818.85 d17.13
MinimumVisualStudioVersion = 10.0.40219.1
Project("{FAE04EC0-301F-11D3-BF4B-00C04F79EFBC}") = "DesignPatternsTutorial", "DesignPatternsTutorial\DesignPatternsTutorial.csproj", "{08710CE9-247A-4245-9E1A-B534937CC387}"
EndProject
Global
	GlobalSection(SolutionConfigurationPlatforms) = preSolution
		Debug|Any CPU = Debug|Any CPU
		Release|Any CPU = Release|Any CPU
	EndGlobalSection
	GlobalSection(ProjectConfigurationPlatforms) = postSolution
		{08710CE9-247A-4245-9E1A-B534937CC387}.Debug|Any CPU.ActiveCfg = Debug|Any CPU
		{08710CE9-247A-4245-9E1A-B534937CC387}.Debug|Any CPU.Build.0 = Debug|Any CPU
		{08710CE9-247A-4245-9E1A-B534937CC387}.Release|Any CPU.ActiveCfg = Release|Any CPU
		{08710CE9-247A-4245-9E1A-B534937CC387}.Release|Any CPU.Build.0 = Release|Any CPU
	EndGlobalSection
	GlobalSection(SolutionProperties) = preSolution
		HideSolutionNode = FALSE
	EndGlobalSection
	GlobalSection(ExtensibilityGlobals) = postSolution
		SolutionGuid = {05796BC0-68B1-4247-B7A2-2CACB677B4FF}
	EndGlobalSection
EndGlobal
